
Microsoft Visual Studio Solution File, Format Version 12.00
# Visual Studio Version 16
VisualStudioVersion = 16.0.31702.278
MinimumVisualStudioVersion = 10.0.40219.1
Project("{FAE04EC0-301F-11D3-BF4B-00C04F79EFBC}") = "SQLManager", "SQLManager\SQLManager.csproj", "{9E4841B2-9C16-405F-A271-55C01B60FDAB}"
EndProject
Global
	GlobalSection(SolutionConfigurationPlatforms) = preSolution
		Debug|Any CPU = Debug|Any CPU
		Release|Any CPU = Release|Any CPU
	EndGlobalSection
	GlobalSection(ProjectConfigurationPlatforms) = postSolution
		{9E4841B2-9C16-405F-A271-55C01B60FDAB}.Debug|Any CPU.ActiveCfg = Debug|Any CPU
		{9E4841B2-9C16-405F-A271-55C01B60FDAB}.Debug|Any CPU.Build.0 = Debug|Any CPU
		{9E4841B2-9C16-405F-A271-55C01B60FDAB}.Release|Any CPU.ActiveCfg = Release|Any CPU
		{9E4841B2-9C16-405F-A271-55C01B60FDAB}.Release|Any CPU.Build.0 = Release|Any CPU
	EndGlobalSection
	GlobalSection(SolutionProperties) = preSolution
		HideSolutionNode = FALSE
	EndGlobalSection
	GlobalSection(ExtensibilityGlobals) = postSolution
		SolutionGuid = {26CCFDDC-E692-47EB-9779-227B48482194}
	EndGlobalSection
EndGlobal
