
Microsoft Visual Studio Solution File, Format Version 12.00
# Visual Studio Version 17
VisualStudioVersion = 17.7.34024.191
MinimumVisualStudioVersion = 10.0.40219.1
Project("{FAE04EC0-301F-11D3-BF4B-00C04F79EFBC}") = "RemoteFileManager", "RemoteFileManager\RemoteFileManager.csproj", "{F3B3782B-F8A2-46DA-B2DF-9F1B0D313DB0}"
EndProject
Global
	GlobalSection(SolutionConfigurationPlatforms) = preSolution
		Debug|Any CPU = Debug|Any CPU
		Release|Any CPU = Release|Any CPU
	EndGlobalSection
	GlobalSection(ProjectConfigurationPlatforms) = postSolution
		{F3B3782B-F8A2-46DA-B2DF-9F1B0D313DB0}.Debug|Any CPU.ActiveCfg = Debug|Any CPU
		{F3B3782B-F8A2-46DA-B2DF-9F1B0D313DB0}.Debug|Any CPU.Build.0 = Debug|Any CPU
		{F3B3782B-F8A2-46DA-B2DF-9F1B0D313DB0}.Release|Any CPU.ActiveCfg = Release|Any CPU
		{F3B3782B-F8A2-46DA-B2DF-9F1B0D313DB0}.Release|Any CPU.Build.0 = Release|Any CPU
	EndGlobalSection
	GlobalSection(SolutionProperties) = preSolution
		HideSolutionNode = FALSE
	EndGlobalSection
	GlobalSection(ExtensibilityGlobals) = postSolution
		SolutionGuid = {606C5193-4E2F-4CC8-AC73-2852E338FB23}
	EndGlobalSection
EndGlobal
